// !$*UTF8*$!
{
	archiveVersion = 1;
	classes = {
	};
	objectVersion = 51;
	objects = {

/* Begin PBXBuildFile section */
		C8339A8C260DEA93008F498E /* Constant.swift in Sources */ = {isa = PBXBuildFile; fileRef = C8339A8B260DEA93008F498E /* Constant.swift */; };
		C85B57A2260CA51000C09F48 /* CustomLabel.swift in Sources */ = {isa = PBXBuildFile; fileRef = C85B57A1260CA51000C09F48 /* CustomLabel.swift */; };
		C85DCC46260CCF2200C58E5A /* BeskrivelsesLabel.swift in Sources */ = {isa = PBXBuildFile; fileRef = C85DCC45260CCF2200C58E5A /* BeskrivelsesLabel.swift */; };
		C89D85162609E76A00205640 /* AppDelegate.swift in Sources */ = {isa = PBXBuildFile; fileRef = C89D85152609E76A00205640 /* AppDelegate.swift */; };
		C89D85182609E76A00205640 /* SceneDelegate.swift in Sources */ = {isa = PBXBuildFile; fileRef = C89D85172609E76A00205640 /* SceneDelegate.swift */; };
		C89D851A2609E76A00205640 /* ViewController.swift in Sources */ = {isa = PBXBuildFile; fileRef = C89D85192609E76A00205640 /* ViewController.swift */; };
		C89D851D2609E76A00205640 /* Main.storyboard in Resources */ = {isa = PBXBuildFile; fileRef = C89D851B2609E76A00205640 /* Main.storyboard */; };
		C89D85202609E76A00205640 /* PokeDex.xcdatamodeld in Sources */ = {isa = PBXBuildFile; fileRef = C89D851E2609E76A00205640 /* PokeDex.xcdatamodeld */; };
		C89D85222609E76E00205640 /* Assets.xcassets in Resources */ = {isa = PBXBuildFile; fileRef = C89D85212609E76E00205640 /* Assets.xcassets */; };
		C89D85252609E76E00205640 /* LaunchScreen.storyboard in Resources */ = {isa = PBXBuildFile; fileRef = C89D85232609E76E00205640 /* LaunchScreen.storyboard */; };
		C89D85302609E76E00205640 /* PokeDexTests.swift in Sources */ = {isa = PBXBuildFile; fileRef = C89D852F2609E76E00205640 /* PokeDexTests.swift */; };
		C89D853B2609E76F00205640 /* PokeDexUITests.swift in Sources */ = {isa = PBXBuildFile; fileRef = C89D853A2609E76F00205640 /* PokeDexUITests.swift */; };
		C89D854C2609F8DA00205640 /* pokemon.csv in Resources */ = {isa = PBXBuildFile; fileRef = C89D854B2609F8DA00205640 /* pokemon.csv */; };
		C89D85522609FA0100205640 /* Pokemon.swift in Sources */ = {isa = PBXBuildFile; fileRef = C89D85512609FA0100205640 /* Pokemon.swift */; };
		C8E8606D260A094800262287 /* PokeCell.swift in Sources */ = {isa = PBXBuildFile; fileRef = C8E8606C260A094800262287 /* PokeCell.swift */; };
		C8E86075260A178700262287 /* csv.swift in Sources */ = {isa = PBXBuildFile; fileRef = C8E86074260A178700262287 /* csv.swift */; };
		C8E86083260A24C800262287 /* Pokemon.ttf in Resources */ = {isa = PBXBuildFile; fileRef = C8E86082260A24C800262287 /* Pokemon.ttf */; };
		C8E8608B260A25B400262287 /* PokemonHul.ttf in Resources */ = {isa = PBXBuildFile; fileRef = C8E8608A260A25B400262287 /* PokemonHul.ttf */; };
		C8E86093260A2A6200262287 /* music.mp3 in Resources */ = {isa = PBXBuildFile; fileRef = C8E86092260A2A6200262287 /* music.mp3 */; };
		C8EA29E7260B37B300BEC723 /* PokemonDetailVC.swift in Sources */ = {isa = PBXBuildFile; fileRef = C8EA29E6260B37B300BEC723 /* PokemonDetailVC.swift */; };
		DA3D57718A5AEE7933FFC659 /* Pods_PokeDex_PokeDexUITests.framework in Frameworks */ = {isa = PBXBuildFile; fileRef = 5288EAADD2AAD1B083DEFA74 /* Pods_PokeDex_PokeDexUITests.framework */; };
		DCC746F168A0378617010E2B /* Pods_PokeDexTests.framework in Frameworks */ = {isa = PBXBuildFile; fileRef = C2E482E44102E70BF90E4AE2 /* Pods_PokeDexTests.framework */; };
		E106DF13B07AA6628C2CF51D /* Pods_PokeDex.framework in Frameworks */ = {isa = PBXBuildFile; fileRef = 13E1BE49A370C224B801FC6A /* Pods_PokeDex.framework */; };
/* End PBXBuildFile section */

/* Begin PBXContainerItemProxy section */
		C89D852C2609E76E00205640 /* PBXContainerItemProxy */ = {
			isa = PBXContainerItemProxy;
			containerPortal = C89D850A2609E76900205640 /* Project object */;
			proxyType = 1;
			remoteGlobalIDString = C89D85112609E76A00205640;
			remoteInfo = PokeDex;
		};
		C89D85372609E76F00205640 /* PBXContainerItemProxy */ = {
			isa = PBXContainerItemProxy;
			containerPortal = C89D850A2609E76900205640 /* Project object */;
			proxyType = 1;
			remoteGlobalIDString = C89D85112609E76A00205640;
			remoteInfo = PokeDex;
		};
/* End PBXContainerItemProxy section */

/* Begin PBXFileReference section */
		13E1BE49A370C224B801FC6A /* Pods_PokeDex.framework */ = {isa = PBXFileReference; explicitFileType = wrapper.framework; includeInIndex = 0; path = Pods_PokeDex.framework; sourceTree = BUILT_PRODUCTS_DIR; };
		5026765E0688CE7889B141AC /* Pods-PokeDexTests.release.xcconfig */ = {isa = PBXFileReference; includeInIndex = 1; lastKnownFileType = text.xcconfig; name = "Pods-PokeDexTests.release.xcconfig"; path = "Target Support Files/Pods-PokeDexTests/Pods-PokeDexTests.release.xcconfig"; sourceTree = "<group>"; };
		5288EAADD2AAD1B083DEFA74 /* Pods_PokeDex_PokeDexUITests.framework */ = {isa = PBXFileReference; explicitFileType = wrapper.framework; includeInIndex = 0; path = Pods_PokeDex_PokeDexUITests.framework; sourceTree = BUILT_PRODUCTS_DIR; };
		61D6D6000D7E272D9A97641A /* Pods-PokeDex.debug.xcconfig */ = {isa = PBXFileReference; includeInIndex = 1; lastKnownFileType = text.xcconfig; name = "Pods-PokeDex.debug.xcconfig"; path = "Target Support Files/Pods-PokeDex/Pods-PokeDex.debug.xcconfig"; sourceTree = "<group>"; };
		8D8368B03634B7F02B42F76F /* Pods-PokeDex.release.xcconfig */ = {isa = PBXFileReference; includeInIndex = 1; lastKnownFileType = text.xcconfig; name = "Pods-PokeDex.release.xcconfig"; path = "Target Support Files/Pods-PokeDex/Pods-PokeDex.release.xcconfig"; sourceTree = "<group>"; };
		C2E482E44102E70BF90E4AE2 /* Pods_PokeDexTests.framework */ = {isa = PBXFileReference; explicitFileType = wrapper.framework; includeInIndex = 0; path = Pods_PokeDexTests.framework; sourceTree = BUILT_PRODUCTS_DIR; };
		C8339A8B260DEA93008F498E /* Constant.swift */ = {isa = PBXFileReference; lastKnownFileType = sourcecode.swift; path = Constant.swift; sourceTree = "<group>"; };
		C85B57A1260CA51000C09F48 /* CustomLabel.swift */ = {isa = PBXFileReference; lastKnownFileType = sourcecode.swift; path = CustomLabel.swift; sourceTree = "<group>"; };
		C85DCC45260CCF2200C58E5A /* BeskrivelsesLabel.swift */ = {isa = PBXFileReference; lastKnownFileType = sourcecode.swift; path = BeskrivelsesLabel.swift; sourceTree = "<group>"; };
		C89D85122609E76A00205640 /* PokeDex.app */ = {isa = PBXFileReference; explicitFileType = wrapper.application; includeInIndex = 0; path = PokeDex.app; sourceTree = BUILT_PRODUCTS_DIR; };
		C89D85152609E76A00205640 /* AppDelegate.swift */ = {isa = PBXFileReference; lastKnownFileType = sourcecode.swift; path = AppDelegate.swift; sourceTree = "<group>"; };
		C89D85172609E76A00205640 /* SceneDelegate.swift */ = {isa = PBXFileReference; lastKnownFileType = sourcecode.swift; path = SceneDelegate.swift; sourceTree = "<group>"; };
		C89D85192609E76A00205640 /* ViewController.swift */ = {isa = PBXFileReference; lastKnownFileType = sourcecode.swift; path = ViewController.swift; sourceTree = "<group>"; };
		C89D851C2609E76A00205640 /* Base */ = {isa = PBXFileReference; lastKnownFileType = file.storyboard; name = Base; path = Base.lproj/Main.storyboard; sourceTree = "<group>"; };
		C89D851F2609E76A00205640 /* PokeDex.xcdatamodel */ = {isa = PBXFileReference; lastKnownFileType = wrapper.xcdatamodel; path = PokeDex.xcdatamodel; sourceTree = "<group>"; };
		C89D85212609E76E00205640 /* Assets.xcassets */ = {isa = PBXFileReference; lastKnownFileType = folder.assetcatalog; path = Assets.xcassets; sourceTree = "<group>"; };
		C89D85242609E76E00205640 /* Base */ = {isa = PBXFileReference; lastKnownFileType = file.storyboard; name = Base; path = Base.lproj/LaunchScreen.storyboard; sourceTree = "<group>"; };
		C89D85262609E76E00205640 /* Info.plist */ = {isa = PBXFileReference; lastKnownFileType = text.plist.xml; path = Info.plist; sourceTree = "<group>"; };
		C89D852B2609E76E00205640 /* PokeDexTests.xctest */ = {isa = PBXFileReference; explicitFileType = wrapper.cfbundle; includeInIndex = 0; path = PokeDexTests.xctest; sourceTree = BUILT_PRODUCTS_DIR; };
		C89D852F2609E76E00205640 /* PokeDexTests.swift */ = {isa = PBXFileReference; lastKnownFileType = sourcecode.swift; path = PokeDexTests.swift; sourceTree = "<group>"; };
		C89D85312609E76F00205640 /* Info.plist */ = {isa = PBXFileReference; lastKnownFileType = text.plist.xml; path = Info.plist; sourceTree = "<group>"; };
		C89D85362609E76F00205640 /* PokeDexUITests.xctest */ = {isa = PBXFileReference; explicitFileType = wrapper.cfbundle; includeInIndex = 0; path = PokeDexUITests.xctest; sourceTree = BUILT_PRODUCTS_DIR; };
		C89D853A2609E76F00205640 /* PokeDexUITests.swift */ = {isa = PBXFileReference; lastKnownFileType = sourcecode.swift; path = PokeDexUITests.swift; sourceTree = "<group>"; };
		C89D853C2609E76F00205640 /* Info.plist */ = {isa = PBXFileReference; lastKnownFileType = text.plist.xml; path = Info.plist; sourceTree = "<group>"; };
		C89D854B2609F8DA00205640 /* pokemon.csv */ = {isa = PBXFileReference; fileEncoding = 4; lastKnownFileType = text; path = pokemon.csv; sourceTree = "<group>"; };
		C89D85512609FA0100205640 /* Pokemon.swift */ = {isa = PBXFileReference; lastKnownFileType = sourcecode.swift; path = Pokemon.swift; sourceTree = "<group>"; };
		C8E8606C260A094800262287 /* PokeCell.swift */ = {isa = PBXFileReference; lastKnownFileType = sourcecode.swift; path = PokeCell.swift; sourceTree = "<group>"; };
		C8E86074260A178700262287 /* csv.swift */ = {isa = PBXFileReference; fileEncoding = 4; lastKnownFileType = sourcecode.swift; path = csv.swift; sourceTree = "<group>"; };
		C8E86082260A24C800262287 /* Pokemon.ttf */ = {isa = PBXFileReference; lastKnownFileType = file; path = Pokemon.ttf; sourceTree = "<group>"; };
		C8E8608A260A25B400262287 /* PokemonHul.ttf */ = {isa = PBXFileReference; lastKnownFileType = file; path = PokemonHul.ttf; sourceTree = "<group>"; };
		C8E86092260A2A6200262287 /* music.mp3 */ = {isa = PBXFileReference; lastKnownFileType = audio.mp3; path = music.mp3; sourceTree = "<group>"; };
		C8EA29E6260B37B300BEC723 /* PokemonDetailVC.swift */ = {isa = PBXFileReference; lastKnownFileType = sourcecode.swift; path = PokemonDetailVC.swift; sourceTree = "<group>"; };
		E0D7E4D0072244AE132D0A66 /* Pods-PokeDexTests.debug.xcconfig */ = {isa = PBXFileReference; includeInIndex = 1; lastKnownFileType = text.xcconfig; name = "Pods-PokeDexTests.debug.xcconfig"; path = "Target Support Files/Pods-PokeDexTests/Pods-PokeDexTests.debug.xcconfig"; sourceTree = "<group>"; };
		E43DE2E783C5E349756D12DD /* Pods-PokeDex-PokeDexUITests.debug.xcconfig */ = {isa = PBXFileReference; includeInIndex = 1; lastKnownFileType = text.xcconfig; name = "Pods-PokeDex-PokeDexUITests.debug.xcconfig"; path = "Target Support Files/Pods-PokeDex-PokeDexUITests/Pods-PokeDex-PokeDexUITests.debug.xcconfig"; sourceTree = "<group>"; };
		F1BC74A077E5193A3BBA8AB7 /* Pods-PokeDex-PokeDexUITests.release.xcconfig */ = {isa = PBXFileReference; includeInIndex = 1; lastKnownFileType = text.xcconfig; name = "Pods-PokeDex-PokeDexUITests.release.xcconfig"; path = "Target Support Files/Pods-PokeDex-PokeDexUITests/Pods-PokeDex-PokeDexUITests.release.xcconfig"; sourceTree = "<group>"; };
/* End PBXFileReference section */

/* Begin PBXFrameworksBuildPhase section */
		C89D850F2609E76A00205640 /* Frameworks */ = {
			isa = PBXFrameworksBuildPhase;
			buildActionMask = 2147483647;
			files = (
				E106DF13B07AA6628C2CF51D /* Pods_PokeDex.framework in Frameworks */,
			);
			runOnlyForDeploymentPostprocessing = 0;
		};
		C89D85282609E76E00205640 /* Frameworks */ = {
			isa = PBXFrameworksBuildPhase;
			buildActionMask = 2147483647;
			files = (
				DCC746F168A0378617010E2B /* Pods_PokeDexTests.framework in Frameworks */,
			);
			runOnlyForDeploymentPostprocessing = 0;
		};
		C89D85332609E76F00205640 /* Frameworks */ = {
			isa = PBXFrameworksBuildPhase;
			buildActionMask = 2147483647;
			files = (
				DA3D57718A5AEE7933FFC659 /* Pods_PokeDex_PokeDexUITests.framework in Frameworks */,
			);
			runOnlyForDeploymentPostprocessing = 0;
		};
/* End PBXFrameworksBuildPhase section */

/* Begin PBXGroup section */
		AE4EBD86AA0A1DBEBD4F9B03 /* Frameworks */ = {
			isa = PBXGroup;
			children = (
				13E1BE49A370C224B801FC6A /* Pods_PokeDex.framework */,
				5288EAADD2AAD1B083DEFA74 /* Pods_PokeDex_PokeDexUITests.framework */,
				C2E482E44102E70BF90E4AE2 /* Pods_PokeDexTests.framework */,
			);
			name = Frameworks;
			sourceTree = "<group>";
		};
		BC500104A0A751CE661CD435 /* Pods */ = {
			isa = PBXGroup;
			children = (
				61D6D6000D7E272D9A97641A /* Pods-PokeDex.debug.xcconfig */,
				8D8368B03634B7F02B42F76F /* Pods-PokeDex.release.xcconfig */,
				E43DE2E783C5E349756D12DD /* Pods-PokeDex-PokeDexUITests.debug.xcconfig */,
				F1BC74A077E5193A3BBA8AB7 /* Pods-PokeDex-PokeDexUITests.release.xcconfig */,
				E0D7E4D0072244AE132D0A66 /* Pods-PokeDexTests.debug.xcconfig */,
				5026765E0688CE7889B141AC /* Pods-PokeDexTests.release.xcconfig */,
			);
			path = Pods;
			sourceTree = "<group>";
		};
		C89D85092609E76900205640 = {
			isa = PBXGroup;
			children = (
				C89D85142609E76A00205640 /* PokeDex */,
				C89D852E2609E76E00205640 /* PokeDexTests */,
				C89D85392609E76F00205640 /* PokeDexUITests */,
				C89D85132609E76A00205640 /* Products */,
				BC500104A0A751CE661CD435 /* Pods */,
				AE4EBD86AA0A1DBEBD4F9B03 /* Frameworks */,
			);
			sourceTree = "<group>";
		};
		C89D85132609E76A00205640 /* Products */ = {
			isa = PBXGroup;
			children = (
				C89D85122609E76A00205640 /* PokeDex.app */,
				C89D852B2609E76E00205640 /* PokeDexTests.xctest */,
				C89D85362609E76F00205640 /* PokeDexUITests.xctest */,
			);
			name = Products;
			sourceTree = "<group>";
		};
		C89D85142609E76A00205640 /* PokeDex */ = {
			isa = PBXGroup;
			children = (
				C8E8607E260A17CA00262287 /* Util */,
				C8E8607D260A17B500262287 /* Ressources */,
				C89D85502609F9F400205640 /* Model */,
				C8E8606B260A092000262287 /* View */,
				C8E8607C260A179C00262287 /* Controller */,
				C89D85152609E76A00205640 /* AppDelegate.swift */,
				C89D85172609E76A00205640 /* SceneDelegate.swift */,
				C89D851B2609E76A00205640 /* Main.storyboard */,
				C89D85212609E76E00205640 /* Assets.xcassets */,
				C89D85232609E76E00205640 /* LaunchScreen.storyboard */,
				C89D85262609E76E00205640 /* Info.plist */,
				C89D851E2609E76A00205640 /* PokeDex.xcdatamodeld */,
			);
			path = PokeDex;
			sourceTree = "<group>";
		};
		C89D852E2609E76E00205640 /* PokeDexTests */ = {
			isa = PBXGroup;
			children = (
				C89D852F2609E76E00205640 /* PokeDexTests.swift */,
				C89D85312609E76F00205640 /* Info.plist */,
			);
			path = PokeDexTests;
			sourceTree = "<group>";
		};
		C89D85392609E76F00205640 /* PokeDexUITests */ = {
			isa = PBXGroup;
			children = (
				C89D853A2609E76F00205640 /* PokeDexUITests.swift */,
				C89D853C2609E76F00205640 /* Info.plist */,
			);
			path = PokeDexUITests;
			sourceTree = "<group>";
		};
		C89D85502609F9F400205640 /* Model */ = {
			isa = PBXGroup;
			children = (
				C89D85512609FA0100205640 /* Pokemon.swift */,
			);
			path = Model;
			sourceTree = "<group>";
		};
		C8E8606B260A092000262287 /* View */ = {
			isa = PBXGroup;
			children = (
				C8E8606C260A094800262287 /* PokeCell.swift */,
				C85B57A1260CA51000C09F48 /* CustomLabel.swift */,
				C85DCC45260CCF2200C58E5A /* BeskrivelsesLabel.swift */,
			);
			path = View;
			sourceTree = "<group>";
		};
		C8E8607C260A179C00262287 /* Controller */ = {
			isa = PBXGroup;
			children = (
				C89D85192609E76A00205640 /* ViewController.swift */,
				C8EA29E6260B37B300BEC723 /* PokemonDetailVC.swift */,
			);
			path = Controller;
			sourceTree = "<group>";
		};
		C8E8607D260A17B500262287 /* Ressources */ = {
			isa = PBXGroup;
			children = (
				C8E86092260A2A6200262287 /* music.mp3 */,
				C89D854B2609F8DA00205640 /* pokemon.csv */,
				C8E86082260A24C800262287 /* Pokemon.ttf */,
				C8E8608A260A25B400262287 /* PokemonHul.ttf */,
			);
			path = Ressources;
			sourceTree = "<group>";
		};
		C8E8607E260A17CA00262287 /* Util */ = {
			isa = PBXGroup;
			children = (
				C8E86074260A178700262287 /* csv.swift */,
				C8339A8B260DEA93008F498E /* Constant.swift */,
			);
			path = Util;
			sourceTree = "<group>";
		};
/* End PBXGroup section */

/* Begin PBXNativeTarget section */
		C89D85112609E76A00205640 /* PokeDex */ = {
			isa = PBXNativeTarget;
			buildConfigurationList = C89D853F2609E76F00205640 /* Build configuration list for PBXNativeTarget "PokeDex" */;
			buildPhases = (
				64679A54BE1C8FE3B19B9571 /* [CP] Check Pods Manifest.lock */,
				C89D850E2609E76A00205640 /* Sources */,
				C89D850F2609E76A00205640 /* Frameworks */,
				C89D85102609E76A00205640 /* Resources */,
				72501CC3C9FC78A4220DDEFF /* [CP] Embed Pods Frameworks */,
			);
			buildRules = (
			);
			dependencies = (
			);
			name = PokeDex;
			productName = PokeDex;
			productReference = C89D85122609E76A00205640 /* PokeDex.app */;
			productType = "com.apple.product-type.application";
		};
		C89D852A2609E76E00205640 /* PokeDexTests */ = {
			isa = PBXNativeTarget;
			buildConfigurationList = C89D85422609E76F00205640 /* Build configuration list for PBXNativeTarget "PokeDexTests" */;
			buildPhases = (
				5DA59559256B91C82981A3AE /* [CP] Check Pods Manifest.lock */,
				C89D85272609E76E00205640 /* Sources */,
				C89D85282609E76E00205640 /* Frameworks */,
				C89D85292609E76E00205640 /* Resources */,
			);
			buildRules = (
			);
			dependencies = (
				C89D852D2609E76E00205640 /* PBXTargetDependency */,
			);
			name = PokeDexTests;
			productName = PokeDexTests;
			productReference = C89D852B2609E76E00205640 /* PokeDexTests.xctest */;
			productType = "com.apple.product-type.bundle.unit-test";
		};
		C89D85352609E76F00205640 /* PokeDexUITests */ = {
			isa = PBXNativeTarget;
			buildConfigurationList = C89D85452609E76F00205640 /* Build configuration list for PBXNativeTarget "PokeDexUITests" */;
			buildPhases = (
				D464F20FA2F0F6CB774FFB9A /* [CP] Check Pods Manifest.lock */,
				C89D85322609E76F00205640 /* Sources */,
				C89D85332609E76F00205640 /* Frameworks */,
				C89D85342609E76F00205640 /* Resources */,
				04BA018745EF4B4BA3DEDD46 /* [CP] Embed Pods Frameworks */,
			);
			buildRules = (
			);
			dependencies = (
				C89D85382609E76F00205640 /* PBXTargetDependency */,
			);
			name = PokeDexUITests;
			productName = PokeDexUITests;
			productReference = C89D85362609E76F00205640 /* PokeDexUITests.xctest */;
			productType = "com.apple.product-type.bundle.ui-testing";
		};
/* End PBXNativeTarget section */

/* Begin PBXProject section */
		C89D850A2609E76900205640 /* Project object */ = {
			isa = PBXProject;
			attributes = {
				LastSwiftUpdateCheck = 1230;
				LastUpgradeCheck = 1230;
				TargetAttributes = {
					C89D85112609E76A00205640 = {
						CreatedOnToolsVersion = 12.3;
					};
					C89D852A2609E76E00205640 = {
						CreatedOnToolsVersion = 12.3;
						TestTargetID = C89D85112609E76A00205640;
					};
					C89D85352609E76F00205640 = {
						CreatedOnToolsVersion = 12.3;
						TestTargetID = C89D85112609E76A00205640;
					};
				};
			};
			buildConfigurationList = C89D850D2609E76900205640 /* Build configuration list for PBXProject "PokeDex" */;
			compatibilityVersion = "Xcode 9.3";
			developmentRegion = en;
			hasScannedForEncodings = 0;
			knownRegions = (
				en,
				Base,
			);
			mainGroup = C89D85092609E76900205640;
			productRefGroup = C89D85132609E76A00205640 /* Products */;
			projectDirPath = "";
			projectRoot = "";
			targets = (
				C89D85112609E76A00205640 /* PokeDex */,
				C89D852A2609E76E00205640 /* PokeDexTests */,
				C89D85352609E76F00205640 /* PokeDexUITests */,
			);
		};
/* End PBXProject section */

/* Begin PBXResourcesBuildPhase section */
		C89D85102609E76A00205640 /* Resources */ = {
			isa = PBXResourcesBuildPhase;
			buildActionMask = 2147483647;
			files = (
				C8E86083260A24C800262287 /* Pokemon.ttf in Resources */,
				C89D85252609E76E00205640 /* LaunchScreen.storyboard in Resources */,
				C8E8608B260A25B400262287 /* PokemonHul.ttf in Resources */,
				C89D85222609E76E00205640 /* Assets.xcassets in Resources */,
				C89D854C2609F8DA00205640 /* pokemon.csv in Resources */,
				C8E86093260A2A6200262287 /* music.mp3 in Resources */,
				C89D851D2609E76A00205640 /* Main.storyboard in Resources */,
			);
			runOnlyForDeploymentPostprocessing = 0;
		};
		C89D85292609E76E00205640 /* Resources */ = {
			isa = PBXResourcesBuildPhase;
			buildActionMask = 2147483647;
			files = (
			);
			runOnlyForDeploymentPostprocessing = 0;
		};
		C89D85342609E76F00205640 /* Resources */ = {
			isa = PBXResourcesBuildPhase;
			buildActionMask = 2147483647;
			files = (
			);
			runOnlyForDeploymentPostprocessing = 0;
		};
/* End PBXResourcesBuildPhase section */

/* Begin PBXShellScriptBuildPhase section */
		04BA018745EF4B4BA3DEDD46 /* [CP] Embed Pods Frameworks */ = {
			isa = PBXShellScriptBuildPhase;
			buildActionMask = 2147483647;
			files = (
			);
			inputFileListPaths = (
				"${PODS_ROOT}/Target Support Files/Pods-PokeDex-PokeDexUITests/Pods-PokeDex-PokeDexUITests-frameworks-${CONFIGURATION}-input-files.xcfilelist",
			);
			name = "[CP] Embed Pods Frameworks";
			outputFileListPaths = (
				"${PODS_ROOT}/Target Support Files/Pods-PokeDex-PokeDexUITests/Pods-PokeDex-PokeDexUITests-frameworks-${CONFIGURATION}-output-files.xcfilelist",
			);
			runOnlyForDeploymentPostprocessing = 0;
			shellPath = /bin/sh;
			shellScript = "\"${PODS_ROOT}/Target Support Files/Pods-PokeDex-PokeDexUITests/Pods-PokeDex-PokeDexUITests-frameworks.sh\"\n";
			showEnvVarsInLog = 0;
		};
		5DA59559256B91C82981A3AE /* [CP] Check Pods Manifest.lock */ = {
			isa = PBXShellScriptBuildPhase;
			buildActionMask = 2147483647;
			files = (
			);
			inputFileListPaths = (
			);
			inputPaths = (
				"${PODS_PODFILE_DIR_PATH}/Podfile.lock",
				"${PODS_ROOT}/Manifest.lock",
			);
			name = "[CP] Check Pods Manifest.lock";
			outputFileListPaths = (
			);
			outputPaths = (
				"$(DERIVED_FILE_DIR)/Pods-PokeDexTests-checkManifestLockResult.txt",
			);
			runOnlyForDeploymentPostprocessing = 0;
			shellPath = /bin/sh;
			shellScript = "diff \"${PODS_PODFILE_DIR_PATH}/Podfile.lock\" \"${PODS_ROOT}/Manifest.lock\" > /dev/null\nif [ $? != 0 ] ; then\n    # print error to STDERR\n    echo \"error: The sandbox is not in sync with the Podfile.lock. Run 'pod install' or update your CocoaPods installation.\" >&2\n    exit 1\nfi\n# This output is used by Xcode 'outputs' to avoid re-running this script phase.\necho \"SUCCESS\" > \"${SCRIPT_OUTPUT_FILE_0}\"\n";
			showEnvVarsInLog = 0;
		};
		64679A54BE1C8FE3B19B9571 /* [CP] Check Pods Manifest.lock */ = {
			isa = PBXShellScriptBuildPhase;
			buildActionMask = 2147483647;
			files = (
			);
			inputFileListPaths = (
			);
			inputPaths = (
				"${PODS_PODFILE_DIR_PATH}/Podfile.lock",
				"${PODS_ROOT}/Manifest.lock",
			);
			name = "[CP] Check Pods Manifest.lock";
			outputFileListPaths = (
			);
			outputPaths = (
				"$(DERIVED_FILE_DIR)/Pods-PokeDex-checkManifestLockResult.txt",
			);
			runOnlyForDeploymentPostprocessing = 0;
			shellPath = /bin/sh;
			shellScript = "diff \"${PODS_PODFILE_DIR_PATH}/Podfile.lock\" \"${PODS_ROOT}/Manifest.lock\" > /dev/null\nif [ $? != 0 ] ; then\n    # print error to STDERR\n    echo \"error: The sandbox is not in sync with the Podfile.lock. Run 'pod install' or update your CocoaPods installation.\" >&2\n    exit 1\nfi\n# This output is used by Xcode 'outputs' to avoid re-running this script phase.\necho \"SUCCESS\" > \"${SCRIPT_OUTPUT_FILE_0}\"\n";
			showEnvVarsInLog = 0;
		};
		72501CC3C9FC78A4220DDEFF /* [CP] Embed Pods Frameworks */ = {
			isa = PBXShellScriptBuildPhase;
			buildActionMask = 2147483647;
			files = (
			);
			inputFileListPaths = (
				"${PODS_ROOT}/Target Support Files/Pods-PokeDex/Pods-PokeDex-frameworks-${CONFIGURATION}-input-files.xcfilelist",
			);
			name = "[CP] Embed Pods Frameworks";
			outputFileListPaths = (
				"${PODS_ROOT}/Target Support Files/Pods-PokeDex/Pods-PokeDex-frameworks-${CONFIGURATION}-output-files.xcfilelist",
			);
			runOnlyForDeploymentPostprocessing = 0;
			shellPath = /bin/sh;
			shellScript = "\"${PODS_ROOT}/Target Support Files/Pods-PokeDex/Pods-PokeDex-frameworks.sh\"\n";
			showEnvVarsInLog = 0;
		};
		D464F20FA2F0F6CB774FFB9A /* [CP] Check Pods Manifest.lock */ = {
			isa = PBXShellScriptBuildPhase;
			buildActionMask = 2147483647;
			files = (
			);
			inputFileListPaths = (
			);
			inputPaths = (
				"${PODS_PODFILE_DIR_PATH}/Podfile.lock",
				"${PODS_ROOT}/Manifest.lock",
			);
			name = "[CP] Check Pods Manifest.lock";
			outputFileListPaths = (
			);
			outputPaths = (
				"$(DERIVED_FILE_DIR)/Pods-PokeDex-PokeDexUITests-checkManifestLockResult.txt",
			);
			runOnlyForDeploymentPostprocessing = 0;
			shellPath = /bin/sh;
			shellScript = "diff \"${PODS_PODFILE_DIR_PATH}/Podfile.lock\" \"${PODS_ROOT}/Manifest.lock\" > /dev/null\nif [ $? != 0 ] ; then\n    # print error to STDERR\n    echo \"error: The sandbox is not in sync with the Podfile.lock. Run 'pod install' or update your CocoaPods installation.\" >&2\n    exit 1\nfi\n# This output is used by Xcode 'outputs' to avoid re-running this script phase.\necho \"SUCCESS\" > \"${SCRIPT_OUTPUT_FILE_0}\"\n";
			showEnvVarsInLog = 0;
		};
/* End PBXShellScriptBuildPhase section */

/* Begin PBXSourcesBuildPhase section */
		C89D850E2609E76A00205640 /* Sources */ = {
			isa = PBXSourcesBuildPhase;
			buildActionMask = 2147483647;
			files = (
				C85DCC46260CCF2200C58E5A /* BeskrivelsesLabel.swift in Sources */,
				C8E8606D260A094800262287 /* PokeCell.swift in Sources */,
				C8E86075260A178700262287 /* csv.swift in Sources */,
				C89D85522609FA0100205640 /* Pokemon.swift in Sources */,
				C89D85202609E76A00205640 /* PokeDex.xcdatamodeld in Sources */,
				C89D851A2609E76A00205640 /* ViewController.swift in Sources */,
				C8EA29E7260B37B300BEC723 /* PokemonDetailVC.swift in Sources */,
				C89D85162609E76A00205640 /* AppDelegate.swift in Sources */,
				C8339A8C260DEA93008F498E /* Constant.swift in Sources */,
				C89D85182609E76A00205640 /* SceneDelegate.swift in Sources */,
				C85B57A2260CA51000C09F48 /* CustomLabel.swift in Sources */,
			);
			runOnlyForDeploymentPostprocessing = 0;
		};
		C89D85272609E76E00205640 /* Sources */ = {
			isa = PBXSourcesBuildPhase;
			buildActionMask = 2147483647;
			files = (
				C89D85302609E76E00205640 /* PokeDexTests.swift in Sources */,
			);
			runOnlyForDeploymentPostprocessing = 0;
		};
		C89D85322609E76F00205640 /* Sources */ = {
			isa = PBXSourcesBuildPhase;
			buildActionMask = 2147483647;
			files = (
				C89D853B2609E76F00205640 /* PokeDexUITests.swift in Sources */,
			);
			runOnlyForDeploymentPostprocessing = 0;
		};
/* End PBXSourcesBuildPhase section */

/* Begin PBXTargetDependency section */
		C89D852D2609E76E00205640 /* PBXTargetDependency */ = {
			isa = PBXTargetDependency;
			target = C89D85112609E76A00205640 /* PokeDex */;
			targetProxy = C89D852C2609E76E00205640 /* PBXContainerItemProxy */;
		};
		C89D85382609E76F00205640 /* PBXTargetDependency */ = {
			isa = PBXTargetDependency;
			target = C89D85112609E76A00205640 /* PokeDex */;
			targetProxy = C89D85372609E76F00205640 /* PBXContainerItemProxy */;
		};
/* End PBXTargetDependency section */

/* Begin PBXVariantGroup section */
		C89D851B2609E76A00205640 /* Main.storyboard */ = {
			isa = PBXVariantGroup;
			children = (
				C89D851C2609E76A00205640 /* Base */,
			);
			name = Main.storyboard;
			sourceTree = "<group>";
		};
		C89D85232609E76E00205640 /* LaunchScreen.storyboard */ = {
			isa = PBXVariantGroup;
			children = (
				C89D85242609E76E00205640 /* Base */,
			);
			name = LaunchScreen.storyboard;
			sourceTree = "<group>";
		};
/* End PBXVariantGroup section */

/* Begin XCBuildConfiguration section */
		C89D853D2609E76F00205640 /* Debug */ = {
			isa = XCBuildConfiguration;
			buildSettings = {
				ALWAYS_SEARCH_USER_PATHS = NO;
				CLANG_ANALYZER_NONNULL = YES;
				CLANG_ANALYZER_NUMBER_OBJECT_CONVERSION = YES_AGGRESSIVE;
				CLANG_CXX_LANGUAGE_STANDARD = "gnu++14";
				CLANG_CXX_LIBRARY = "libc++";
				CLANG_ENABLE_MODULES = YES;
				CLANG_ENABLE_OBJC_ARC = YES;
				CLANG_ENABLE_OBJC_WEAK = YES;
				CLANG_WARN_BLOCK_CAPTURE_AUTORELEASING = YES;
				CLANG_WARN_BOOL_CONVERSION = YES;
				CLANG_WARN_COMMA = YES;
				CLANG_WARN_CONSTANT_CONVERSION = YES;
				CLANG_WARN_DEPRECATED_OBJC_IMPLEMENTATIONS = YES;
				CLANG_WARN_DIRECT_OBJC_ISA_USAGE = YES_ERROR;
				CLANG_WARN_DOCUMENTATION_COMMENTS = YES;
				CLANG_WARN_EMPTY_BODY = YES;
				CLANG_WARN_ENUM_CONVERSION = YES;
				CLANG_WARN_INFINITE_RECURSION = YES;
				CLANG_WARN_INT_CONVERSION = YES;
				CLANG_WARN_NON_LITERAL_NULL_CONVERSION = YES;
				CLANG_WARN_OBJC_IMPLICIT_RETAIN_SELF = YES;
				CLANG_WARN_OBJC_LITERAL_CONVERSION = YES;
				CLANG_WARN_OBJC_ROOT_CLASS = YES_ERROR;
				CLANG_WARN_QUOTED_INCLUDE_IN_FRAMEWORK_HEADER = YES;
				CLANG_WARN_RANGE_LOOP_ANALYSIS = YES;
				CLANG_WARN_STRICT_PROTOTYPES = YES;
				CLANG_WARN_SUSPICIOUS_MOVE = YES;
				CLANG_WARN_UNGUARDED_AVAILABILITY = YES_AGGRESSIVE;
				CLANG_WARN_UNREACHABLE_CODE = YES;
				CLANG_WARN__DUPLICATE_METHOD_MATCH = YES;
				COPY_PHASE_STRIP = NO;
				DEBUG_INFORMATION_FORMAT = dwarf;
				ENABLE_STRICT_OBJC_MSGSEND = YES;
				ENABLE_TESTABILITY = YES;
				GCC_C_LANGUAGE_STANDARD = gnu11;
				GCC_DYNAMIC_NO_PIC = NO;
				GCC_NO_COMMON_BLOCKS = YES;
				GCC_OPTIMIZATION_LEVEL = 0;
				GCC_PREPROCESSOR_DEFINITIONS = (
					"DEBUG=1",
					"$(inherited)",
				);
				GCC_WARN_64_TO_32_BIT_CONVERSION = YES;
				GCC_WARN_ABOUT_RETURN_TYPE = YES_ERROR;
				GCC_WARN_UNDECLARED_SELECTOR = YES;
				GCC_WARN_UNINITIALIZED_AUTOS = YES_AGGRESSIVE;
				GCC_WARN_UNUSED_FUNCTION = YES;
				GCC_WARN_UNUSED_VARIABLE = YES;
				IPHONEOS_DEPLOYMENT_TARGET = 14.3;
				MTL_ENABLE_DEBUG_INFO = INCLUDE_SOURCE;
				MTL_FAST_MATH = YES;
				ONLY_ACTIVE_ARCH = YES;
				SDKROOT = iphoneos;
				SWIFT_ACTIVE_COMPILATION_CONDITIONS = DEBUG;
				SWIFT_OPTIMIZATION_LEVEL = "-Onone";
			};
			name = Debug;
		};
		C89D853E2609E76F00205640 /* Release */ = {
			isa = XCBuildConfiguration;
			buildSettings = {
				ALWAYS_SEARCH_USER_PATHS = NO;
				CLANG_ANALYZER_NONNULL = YES;
				CLANG_ANALYZER_NUMBER_OBJECT_CONVERSION = YES_AGGRESSIVE;
				CLANG_CXX_LANGUAGE_STANDARD = "gnu++14";
				CLANG_CXX_LIBRARY = "libc++";
				CLANG_ENABLE_MODULES = YES;
				CLANG_ENABLE_OBJC_ARC = YES;
				CLANG_ENABLE_OBJC_WEAK = YES;
				CLANG_WARN_BLOCK_CAPTURE_AUTORELEASING = YES;
				CLANG_WARN_BOOL_CONVERSION = YES;
				CLANG_WARN_COMMA = YES;
				CLANG_WARN_CONSTANT_CONVERSION = YES;
				CLANG_WARN_DEPRECATED_OBJC_IMPLEMENTATIONS = YES;
				CLANG_WARN_DIRECT_OBJC_ISA_USAGE = YES_ERROR;
				CLANG_WARN_DOCUMENTATION_COMMENTS = YES;
				CLANG_WARN_EMPTY_BODY = YES;
				CLANG_WARN_ENUM_CONVERSION = YES;
				CLANG_WARN_INFINITE_RECURSION = YES;
				CLANG_WARN_INT_CONVERSION = YES;
				CLANG_WARN_NON_LITERAL_NULL_CONVERSION = YES;
				CLANG_WARN_OBJC_IMPLICIT_RETAIN_SELF = YES;
				CLANG_WARN_OBJC_LITERAL_CONVERSION = YES;
				CLANG_WARN_OBJC_ROOT_CLASS = YES_ERROR;
				CLANG_WARN_QUOTED_INCLUDE_IN_FRAMEWORK_HEADER = YES;
				CLANG_WARN_RANGE_LOOP_ANALYSIS = YES;
				CLANG_WARN_STRICT_PROTOTYPES = YES;
				CLANG_WARN_SUSPICIOUS_MOVE = YES;
				CLANG_WARN_UNGUARDED_AVAILABILITY = YES_AGGRESSIVE;
				CLANG_WARN_UNREACHABLE_CODE = YES;
				CLANG_WARN__DUPLICATE_METHOD_MATCH = YES;
				COPY_PHASE_STRIP = NO;
				DEBUG_INFORMATION_FORMAT = "dwarf-with-dsym";
				ENABLE_NS_ASSERTIONS = NO;
				ENABLE_STRICT_OBJC_MSGSEND = YES;
				GCC_C_LANGUAGE_STANDARD = gnu11;
				GCC_NO_COMMON_BLOCKS = YES;
				GCC_WARN_64_TO_32_BIT_CONVERSION = YES;
				GCC_WARN_ABOUT_RETURN_TYPE = YES_ERROR;
				GCC_WARN_UNDECLARED_SELECTOR = YES;
				GCC_WARN_UNINITIALIZED_AUTOS = YES_AGGRESSIVE;
				GCC_WARN_UNUSED_FUNCTION = YES;
				GCC_WARN_UNUSED_VARIABLE = YES;
				IPHONEOS_DEPLOYMENT_TARGET = 14.3;
				MTL_ENABLE_DEBUG_INFO = NO;
				MTL_FAST_MATH = YES;
				SDKROOT = iphoneos;
				SWIFT_COMPILATION_MODE = wholemodule;
				SWIFT_OPTIMIZATION_LEVEL = "-O";
				VALIDATE_PRODUCT = YES;
			};
			name = Release;
		};
		C89D85402609E76F00205640 /* Debug */ = {
			isa = XCBuildConfiguration;
			baseConfigurationReference = 61D6D6000D7E272D9A97641A /* Pods-PokeDex.debug.xcconfig */;
			buildSettings = {
				ASSETCATALOG_COMPILER_APPICON_NAME = AppIcon;
				ASSETCATALOG_COMPILER_GLOBAL_ACCENT_COLOR_NAME = AccentColor;
				CODE_SIGN_STYLE = Automatic;
				DEVELOPMENT_TEAM = U2R27Q8X55;
				INFOPLIST_FILE = PokeDex/Info.plist;
				LD_RUNPATH_SEARCH_PATHS = (
					"$(inherited)",
					"@executable_path/Frameworks",
				);
				PRODUCT_BUNDLE_IDENTIFIER = com.Jesperb.PokeDex;
				PRODUCT_NAME = "$(TARGET_NAME)";
				SWIFT_VERSION = 5.0;
				TARGETED_DEVICE_FAMILY = "1,2";
			};
			name = Debug;
		};
		C89D85412609E76F00205640 /* Release */ = {
			isa = XCBuildConfiguration;
			baseConfigurationReference = 8D8368B03634B7F02B42F76F /* Pods-PokeDex.release.xcconfig */;
			buildSettings = {
				ASSETCATALOG_COMPILER_APPICON_NAME = AppIcon;
				ASSETCATALOG_COMPILER_GLOBAL_ACCENT_COLOR_NAME = AccentColor;
				CODE_SIGN_STYLE = Automatic;
				DEVELOPMENT_TEAM = U2R27Q8X55;
				INFOPLIST_FILE = PokeDex/Info.plist;
				LD_RUNPATH_SEARCH_PATHS = (
					"$(inherited)",
					"@executable_path/Frameworks",
				);
				PRODUCT_BUNDLE_IDENTIFIER = com.Jesperb.PokeDex;
				PRODUCT_NAME = "$(TARGET_NAME)";
				SWIFT_VERSION = 5.0;
				TARGETED_DEVICE_FAMILY = "1,2";
			};
			name = Release;
		};
		C89D85432609E76F00205640 /* Debug */ = {
			isa = XCBuildConfiguration;
			baseConfigurationReference = E0D7E4D0072244AE132D0A66 /* Pods-PokeDexTests.debug.xcconfig */;
			buildSettings = {
				ALWAYS_EMBED_SWIFT_STANDARD_LIBRARIES = YES;
				BUNDLE_LOADER = "$(TEST_HOST)";
				CODE_SIGN_STYLE = Automatic;
				DEVELOPMENT_TEAM = U2R27Q8X55;
				INFOPLIST_FILE = PokeDexTests/Info.plist;
				IPHONEOS_DEPLOYMENT_TARGET = 14.3;
				LD_RUNPATH_SEARCH_PATHS = (
					"$(inherited)",
					"@executable_path/Frameworks",
					"@loader_path/Frameworks",
				);
				PRODUCT_BUNDLE_IDENTIFIER = com.Jesperb.PokeDexTests;
				PRODUCT_NAME = "$(TARGET_NAME)";
				SWIFT_VERSION = 5.0;
				TARGETED_DEVICE_FAMILY = "1,2";
				TEST_HOST = "$(BUILT_PRODUCTS_DIR)/PokeDex.app/PokeDex";
			};
			name = Debug;
		};
		C89D85442609E76F00205640 /* Release */ = {
			isa = XCBuildConfiguration;
			baseConfigurationReference = 5026765E0688CE7889B141AC /* Pods-PokeDexTests.release.xcconfig */;
			buildSettings = {
				ALWAYS_EMBED_SWIFT_STANDARD_LIBRARIES = YES;
				BUNDLE_LOADER = "$(TEST_HOST)";
				CODE_SIGN_STYLE = Automatic;
				DEVELOPMENT_TEAM = U2R27Q8X55;
				INFOPLIST_FILE = PokeDexTests/Info.plist;
				IPHONEOS_DEPLOYMENT_TARGET = 14.3;
				LD_RUNPATH_SEARCH_PATHS = (
					"$(inherited)",
					"@executable_path/Frameworks",
					"@loader_path/Frameworks",
				);
				PRODUCT_BUNDLE_IDENTIFIER = com.Jesperb.PokeDexTests;
				PRODUCT_NAME = "$(TARGET_NAME)";
				SWIFT_VERSION = 5.0;
				TARGETED_DEVICE_FAMILY = "1,2";
				TEST_HOST = "$(BUILT_PRODUCTS_DIR)/PokeDex.app/PokeDex";
			};
			name = Release;
		};
		C89D85462609E76F00205640 /* Debug */ = {
			isa = XCBuildConfiguration;
			baseConfigurationReference = E43DE2E783C5E349756D12DD /* Pods-PokeDex-PokeDexUITests.debug.xcconfig */;
			buildSettings = {
				ALWAYS_EMBED_SWIFT_STANDARD_LIBRARIES = YES;
				CODE_SIGN_STYLE = Automatic;
				DEVELOPMENT_TEAM = U2R27Q8X55;
				INFOPLIST_FILE = PokeDexUITests/Info.plist;
				LD_RUNPATH_SEARCH_PATHS = (
					"$(inherited)",
					"@executable_path/Frameworks",
					"@loader_path/Frameworks",
				);
				PRODUCT_BUNDLE_IDENTIFIER = com.Jesperb.PokeDexUITests;
				PRODUCT_NAME = "$(TARGET_NAME)";
				SWIFT_VERSION = 5.0;
				TARGETED_DEVICE_FAMILY = "1,2";
				TEST_TARGET_NAME = PokeDex;
			};
			name = Debug;
		};
		C89D85472609E76F00205640 /* Release */ = {
			isa = XCBuildConfiguration;
			baseConfigurationReference = F1BC74A077E5193A3BBA8AB7 /* Pods-PokeDex-PokeDexUITests.release.xcconfig */;
			buildSettings = {
				ALWAYS_EMBED_SWIFT_STANDARD_LIBRARIES = YES;
				CODE_SIGN_STYLE = Automatic;
				DEVELOPMENT_TEAM = U2R27Q8X55;
				INFOPLIST_FILE = PokeDexUITests/Info.plist;
				LD_RUNPATH_SEARCH_PATHS = (
					"$(inherited)",
					"@executable_path/Frameworks",
					"@loader_path/Frameworks",
				);
				PRODUCT_BUNDLE_IDENTIFIER = com.Jesperb.PokeDexUITests;
				PRODUCT_NAME = "$(TARGET_NAME)";
				SWIFT_VERSION = 5.0;
				TARGETED_DEVICE_FAMILY = "1,2";
				TEST_TARGET_NAME = PokeDex;
			};
			name = Release;
		};
/* End XCBuildConfiguration section */

/* Begin XCConfigurationList section */
		C89D850D2609E76900205640 /* Build configuration list for PBXProject "PokeDex" */ = {
			isa = XCConfigurationList;
			buildConfigurations = (
				C89D853D2609E76F00205640 /* Debug */,
				C89D853E2609E76F00205640 /* Release */,
			);
			defaultConfigurationIsVisible = 0;
			defaultConfigurationName = Release;
		};
		C89D853F2609E76F00205640 /* Build configuration list for PBXNativeTarget "PokeDex" */ = {
			isa = XCConfigurationList;
			buildConfigurations = (
				C89D85402609E76F00205640 /* Debug */,
				C89D85412609E76F00205640 /* Release */,
			);
			defaultConfigurationIsVisible = 0;
			defaultConfigurationName = Release;
		};
		C89D85422609E76F00205640 /* Build configuration list for PBXNativeTarget "PokeDexTests" */ = {
			isa = XCConfigurationList;
			buildConfigurations = (
				C89D85432609E76F00205640 /* Debug */,
				C89D85442609E76F00205640 /* Release */,
			);
			defaultConfigurationIsVisible = 0;
			defaultConfigurationName = Release;
		};
		C89D85452609E76F00205640 /* Build configuration list for PBXNativeTarget "PokeDexUITests" */ = {
			isa = XCConfigurationList;
			buildConfigurations = (
				C89D85462609E76F00205640 /* Debug */,
				C89D85472609E76F00205640 /* Release */,
			);
			defaultConfigurationIsVisible = 0;
			defaultConfigurationName = Release;
		};
/* End XCConfigurationList section */

/* Begin XCVersionGroup section */
		C89D851E2609E76A00205640 /* PokeDex.xcdatamodeld */ = {
			isa = XCVersionGroup;
			children = (
				C89D851F2609E76A00205640 /* PokeDex.xcdatamodel */,
			);
			currentVersion = C89D851F2609E76A00205640 /* PokeDex.xcdatamodel */;
			path = PokeDex.xcdatamodeld;
			sourceTree = "<group>";
			versionGroupType = wrapper.xcdatamodel;
		};
/* End XCVersionGroup section */
	};
	rootObject = C89D850A2609E76900205640 /* Project object */;
}
